// !$*UTF8*$!
{
	archiveVersion = 1;
	classes = {
	};
	objectVersion = 77;
	objects = {

/* Begin PBXContainerItemProxy section */
		5812381B2D80AAC500418C35 /* PBXContainerItemProxy */ = {
			isa = PBXContainerItemProxy;
			containerPortal = 581238022D80AAC300418C35 /* Project object */;
			proxyType = 1;
			remoteGlobalIDString = 581238092D80AAC300418C35;
			remoteInfo = FetchiOSCodingChallenge;
		};
		581238252D80AAC500418C35 /* PBXContainerItemProxy */ = {
			isa = PBXContainerItemProxy;
			containerPortal = 581238022D80AAC300418C35 /* Project object */;
			proxyType = 1;
			remoteGlobalIDString = 581238092D80AAC300418C35;
			remoteInfo = FetchiOSCodingChallenge;
		};
/* End PBXContainerItemProxy section */

/* Begin PBXFileReference section */
		5812380A2D80AAC300418C35 /* FetchiOSCodingChallenge.app */ = {isa = PBXFileReference; explicitFileType = wrapper.application; includeInIndex = 0; path = FetchiOSCodingChallenge.app; sourceTree = BUILT_PRODUCTS_DIR; };
		5812381A2D80AAC500418C35 /* FetchiOSCodingChallengeTests.xctest */ = {isa = PBXFileReference; explicitFileType = wrapper.cfbundle; includeInIndex = 0; path = FetchiOSCodingChallengeTests.xctest; sourceTree = BUILT_PRODUCTS_DIR; };
		581238242D80AAC500418C35 /* FetchiOSCodingChallengeUITests.xctest */ = {isa = PBXFileReference; explicitFileType = wrapper.cfbundle; includeInIndex = 0; path = FetchiOSCodingChallengeUITests.xctest; sourceTree = BUILT_PRODUCTS_DIR; };
/* End PBXFileReference section */

/* Begin PBXFileSystemSynchronizedBuildFileExceptionSet section */
		581238672D80BE6C00418C35 /* Exceptions for "FetchiOSCodingChallengeTests" folder in "FetchiOSCodingChallengeTests" target */ = {
			isa = PBXFileSystemSynchronizedBuildFileExceptionSet;
			membershipExceptions = (
				FetchiOSCodingChallengeTests.swift,
			);
			target = 581238192D80AAC500418C35 /* FetchiOSCodingChallengeTests */;
		};
/* End PBXFileSystemSynchronizedBuildFileExceptionSet section */

/* Begin PBXFileSystemSynchronizedRootGroup section */
		5812380C2D80AAC300418C35 /* FetchiOSCodingChallenge */ = {
			isa = PBXFileSystemSynchronizedRootGroup;
			path = FetchiOSCodingChallenge;
			sourceTree = "<group>";
		};
		581238272D80AAC500418C35 /* FetchiOSCodingChallengeUITests */ = {
			isa = PBXFileSystemSynchronizedRootGroup;
			path = FetchiOSCodingChallengeUITests;
			sourceTree = "<group>";
		};
		581238642D80BE6C00418C35 /* FetchiOSCodingChallengeTests */ = {
			isa = PBXFileSystemSynchronizedRootGroup;
			exceptions = (
				581238672D80BE6C00418C35 /* Exceptions for "FetchiOSCodingChallengeTests" folder in "FetchiOSCodingChallengeTests" target */,
			);
			path = FetchiOSCodingChallengeTests;
			sourceTree = "<group>";
		};
/* End PBXFileSystemSynchronizedRootGroup section */

/* Begin PBXFrameworksBuildPhase section */
		581238072D80AAC300418C35 /* Frameworks */ = {
			isa = PBXFrameworksBuildPhase;
			buildActionMask = 2147483647;
			files = (
			);
			runOnlyForDeploymentPostprocessing = 0;
		};
		581238172D80AAC500418C35 /* Frameworks */ = {
			isa = PBXFrameworksBuildPhase;
			buildActionMask = 2147483647;
			files = (
			);
			runOnlyForDeploymentPostprocessing = 0;
		};
		581238212D80AAC500418C35 /* Frameworks */ = {
			isa = PBXFrameworksBuildPhase;
			buildActionMask = 2147483647;
			files = (
			);
			runOnlyForDeploymentPostprocessing = 0;
		};
/* End PBXFrameworksBuildPhase section */

/* Begin PBXGroup section */
		581238012D80AAC300418C35 = {
			isa = PBXGroup;
			children = (
				5812380C2D80AAC300418C35 /* FetchiOSCodingChallenge */,
				581238642D80BE6C00418C35 /* FetchiOSCodingChallengeTests */,
				581238272D80AAC500418C35 /* FetchiOSCodingChallengeUITests */,
				5812380B2D80AAC300418C35 /* Products */,
			);
			sourceTree = "<group>";
		};
		5812380B2D80AAC300418C35 /* Products */ = {
			isa = PBXGroup;
			children = (
				5812380A2D80AAC300418C35 /* FetchiOSCodingChallenge.app */,
				5812381A2D80AAC500418C35 /* FetchiOSCodingChallengeTests.xctest */,
				581238242D80AAC500418C35 /* FetchiOSCodingChallengeUITests.xctest */,
			);
			name = Products;
			sourceTree = "<group>";
		};
/* End PBXGroup section */

/* Begin PBXNativeTarget section */
		581238092D80AAC300418C35 /* FetchiOSCodingChallenge */ = {
			isa = PBXNativeTarget;
			buildConfigurationList = 5812382E2D80AAC500418C35 /* Build configuration list for PBXNativeTarget "FetchiOSCodingChallenge" */;
			buildPhases = (
				581238062D80AAC300418C35 /* Sources */,
				581238072D80AAC300418C35 /* Frameworks */,
				581238082D80AAC300418C35 /* Resources */,
			);
			buildRules = (
			);
			dependencies = (
			);
			fileSystemSynchronizedGroups = (
				5812380C2D80AAC300418C35 /* FetchiOSCodingChallenge */,
				581238642D80BE6C00418C35 /* FetchiOSCodingChallengeTests */,
			);
			name = FetchiOSCodingChallenge;
			packageProductDependencies = (
			);
			productName = FetchiOSCodingChallenge;
			productReference = 5812380A2D80AAC300418C35 /* FetchiOSCodingChallenge.app */;
			productType = "com.apple.product-type.application";
		};
		581238192D80AAC500418C35 /* FetchiOSCodingChallengeTests */ = {
			isa = PBXNativeTarget;
			buildConfigurationList = 581238312D80AAC500418C35 /* Build configuration list for PBXNativeTarget "FetchiOSCodingChallengeTests" */;
			buildPhases = (
				581238162D80AAC500418C35 /* Sources */,
				581238172D80AAC500418C35 /* Frameworks */,
				581238182D80AAC500418C35 /* Resources */,
			);
			buildRules = (
			);
			dependencies = (
				5812381C2D80AAC500418C35 /* PBXTargetDependency */,
			);
			name = FetchiOSCodingChallengeTests;
			packageProductDependencies = (
			);
			productName = FetchiOSCodingChallengeTests;
			productReference = 5812381A2D80AAC500418C35 /* FetchiOSCodingChallengeTests.xctest */;
			productType = "com.apple.product-type.bundle.unit-test";
		};
		581238232D80AAC500418C35 /* FetchiOSCodingChallengeUITests */ = {
			isa = PBXNativeTarget;
			buildConfigurationList = 581238342D80AAC500418C35 /* Build configuration list for PBXNativeTarget "FetchiOSCodingChallengeUITests" */;
			buildPhases = (
				581238202D80AAC500418C35 /* Sources */,
				581238212D80AAC500418C35 /* Frameworks */,
				581238222D80AAC500418C35 /* Resources */,
			);
			buildRules = (
			);
			dependencies = (
				581238262D80AAC500418C35 /* PBXTargetDependency */,
			);
			fileSystemSynchronizedGroups = (
				581238272D80AAC500418C35 /* FetchiOSCodingChallengeUITests */,
			);
			name = FetchiOSCodingChallengeUITests;
			packageProductDependencies = (
			);
			productName = FetchiOSCodingChallengeUITests;
			productReference = 581238242D80AAC500418C35 /* FetchiOSCodingChallengeUITests.xctest */;
			productType = "com.apple.product-type.bundle.ui-testing";
		};
/* End PBXNativeTarget section */

/* Begin PBXProject section */
		581238022D80AAC300418C35 /* Project object */ = {
			isa = PBXProject;
			attributes = {
				BuildIndependentTargetsInParallel = 1;
				LastSwiftUpdateCheck = 1610;
				LastUpgradeCheck = 1610;
				TargetAttributes = {
					581238092D80AAC300418C35 = {
						CreatedOnToolsVersion = 16.1;
					};
					581238192D80AAC500418C35 = {
						CreatedOnToolsVersion = 16.1;
						TestTargetID = 581238092D80AAC300418C35;
					};
					581238232D80AAC500418C35 = {
						CreatedOnToolsVersion = 16.1;
						TestTargetID = 581238092D80AAC300418C35;
					};
				};
			};
			buildConfigurationList = 581238052D80AAC300418C35 /* Build configuration list for PBXProject "FetchiOSCodingChallenge" */;
			developmentRegion = en;
			hasScannedForEncodings = 0;
			knownRegions = (
				en,
				Base,
			);
			mainGroup = 581238012D80AAC300418C35;
			minimizedProjectReferenceProxies = 1;
			preferredProjectObjectVersion = 77;
			productRefGroup = 5812380B2D80AAC300418C35 /* Products */;
			projectDirPath = "";
			projectRoot = "";
			targets = (
				581238092D80AAC300418C35 /* FetchiOSCodingChallenge */,
				581238192D80AAC500418C35 /* FetchiOSCodingChallengeTests */,
				581238232D80AAC500418C35 /* FetchiOSCodingChallengeUITests */,
			);
		};
/* End PBXProject section */

/* Begin PBXResourcesBuildPhase section */
		581238082D80AAC300418C35 /* Resources */ = {
			isa = PBXResourcesBuildPhase;
			buildActionMask = 2147483647;
			files = (
			);
			runOnlyForDeploymentPostprocessing = 0;
		};
		581238182D80AAC500418C35 /* Resources */ = {
			isa = PBXResourcesBuildPhase;
			buildActionMask = 2147483647;
			files = (
			);
			runOnlyForDeploymentPostprocessing = 0;
		};
		581238222D80AAC500418C35 /* Resources */ = {
			isa = PBXResourcesBuildPhase;
			buildActionMask = 2147483647;
			files = (
			);
			runOnlyForDeploymentPostprocessing = 0;
		};
/* End PBXResourcesBuildPhase section */

/* Begin PBXSourcesBuildPhase section */
		581238062D80AAC300418C35 /* Sources */ = {
			isa = PBXSourcesBuildPhase;
			buildActionMask = 2147483647;
			files = (
			);
			runOnlyForDeploymentPostprocessing = 0;
		};
		581238162D80AAC500418C35 /* Sources */ = {
			isa = PBXSourcesBuildPhase;
			buildActionMask = 2147483647;
			files = (
			);
			runOnlyForDeploymentPostprocessing = 0;
		};
		581238202D80AAC500418C35 /* Sources */ = {
			isa = PBXSourcesBuildPhase;
			buildActionMask = 2147483647;
			files = (
			);
			runOnlyForDeploymentPostprocessing = 0;
		};
/* End PBXSourcesBuildPhase section */

/* Begin PBXTargetDependency section */
		5812381C2D80AAC500418C35 /* PBXTargetDependency */ = {
			isa = PBXTargetDependency;
			target = 581238092D80AAC300418C35 /* FetchiOSCodingChallenge */;
			targetProxy = 5812381B2D80AAC500418C35 /* PBXContainerItemProxy */;
		};
		581238262D80AAC500418C35 /* PBXTargetDependency */ = {
			isa = PBXTargetDependency;
			target = 581238092D80AAC300418C35 /* FetchiOSCodingChallenge */;
			targetProxy = 581238252D80AAC500418C35 /* PBXContainerItemProxy */;
		};
/* End PBXTargetDependency section */

/* Begin XCBuildConfiguration section */
		5812382C2D80AAC500418C35 /* Debug */ = {
			isa = XCBuildConfiguration;
			buildSettings = {
				ALWAYS_SEARCH_USER_PATHS = NO;
				ASSETCATALOG_COMPILER_GENERATE_SWIFT_ASSET_SYMBOL_EXTENSIONS = YES;
				CLANG_ANALYZER_NONNULL = YES;
				CLANG_ANALYZER_NUMBER_OBJECT_CONVERSION = YES_AGGRESSIVE;
				CLANG_CXX_LANGUAGE_STANDARD = "gnu++20";
				CLANG_ENABLE_MODULES = YES;
				CLANG_ENABLE_OBJC_ARC = YES;
				CLANG_ENABLE_OBJC_WEAK = YES;
				CLANG_WARN_BLOCK_CAPTURE_AUTORELEASING = YES;
				CLANG_WARN_BOOL_CONVERSION = YES;
				CLANG_WARN_COMMA = YES;
				CLANG_WARN_CONSTANT_CONVERSION = YES;
				CLANG_WARN_DEPRECATED_OBJC_IMPLEMENTATIONS = YES;
				CLANG_WARN_DIRECT_OBJC_ISA_USAGE = YES_ERROR;
				CLANG_WARN_DOCUMENTATION_COMMENTS = YES;
				CLANG_WARN_EMPTY_BODY = YES;
				CLANG_WARN_ENUM_CONVERSION = YES;
				CLANG_WARN_INFINITE_RECURSION = YES;
				CLANG_WARN_INT_CONVERSION = YES;
				CLANG_WARN_NON_LITERAL_NULL_CONVERSION = YES;
				CLANG_WARN_OBJC_IMPLICIT_RETAIN_SELF = YES;
				CLANG_WARN_OBJC_LITERAL_CONVERSION = YES;
				CLANG_WARN_OBJC_ROOT_CLASS = YES_ERROR;
				CLANG_WARN_QUOTED_INCLUDE_IN_FRAMEWORK_HEADER = YES;
				CLANG_WARN_RANGE_LOOP_ANALYSIS = YES;
				CLANG_WARN_STRICT_PROTOTYPES = YES;
				CLANG_WARN_SUSPICIOUS_MOVE = YES;
				CLANG_WARN_UNGUARDED_AVAILABILITY = YES_AGGRESSIVE;
				CLANG_WARN_UNREACHABLE_CODE = YES;
				CLANG_WARN__DUPLICATE_METHOD_MATCH = YES;
				COPY_PHASE_STRIP = NO;
				DEBUG_INFORMATION_FORMAT = dwarf;
				ENABLE_STRICT_OBJC_MSGSEND = YES;
				ENABLE_TESTABILITY = YES;
				ENABLE_USER_SCRIPT_SANDBOXING = YES;
				GCC_C_LANGUAGE_STANDARD = gnu17;
				GCC_DYNAMIC_NO_PIC = NO;
				GCC_NO_COMMON_BLOCKS = YES;
				GCC_OPTIMIZATION_LEVEL = 0;
				GCC_PREPROCESSOR_DEFINITIONS = (
					"DEBUG=1",
					"$(inherited)",
				);
				GCC_WARN_64_TO_32_BIT_CONVERSION = YES;
				GCC_WARN_ABOUT_RETURN_TYPE = YES_ERROR;
				GCC_WARN_UNDECLARED_SELECTOR = YES;
				GCC_WARN_UNINITIALIZED_AUTOS = YES_AGGRESSIVE;
				GCC_WARN_UNUSED_FUNCTION = YES;
				GCC_WARN_UNUSED_VARIABLE = YES;
				IPHONEOS_DEPLOYMENT_TARGET = 18.1;
				LOCALIZATION_PREFERS_STRING_CATALOGS = YES;
				MTL_ENABLE_DEBUG_INFO = INCLUDE_SOURCE;
				MTL_FAST_MATH = YES;
				ONLY_ACTIVE_ARCH = YES;
				SDKROOT = iphoneos;
				SWIFT_ACTIVE_COMPILATION_CONDITIONS = "DEBUG $(inherited)";
				SWIFT_OPTIMIZATION_LEVEL = "-Onone";
			};
			name = Debug;
		};
		5812382D2D80AAC500418C35 /* Release */ = {
			isa = XCBuildConfiguration;
			buildSettings = {
				ALWAYS_SEARCH_USER_PATHS = NO;
				ASSETCATALOG_COMPILER_GENERATE_SWIFT_ASSET_SYMBOL_EXTENSIONS = YES;
				CLANG_ANALYZER_NONNULL = YES;
				CLANG_ANALYZER_NUMBER_OBJECT_CONVERSION = YES_AGGRESSIVE;
				CLANG_CXX_LANGUAGE_STANDARD = "gnu++20";
				CLANG_ENABLE_MODULES = YES;
				CLANG_ENABLE_OBJC_ARC = YES;
				CLANG_ENABLE_OBJC_WEAK = YES;
				CLANG_WARN_BLOCK_CAPTURE_AUTORELEASING = YES;
				CLANG_WARN_BOOL_CONVERSION = YES;
				CLANG_WARN_COMMA = YES;
				CLANG_WARN_CONSTANT_CONVERSION = YES;
				CLANG_WARN_DEPRECATED_OBJC_IMPLEMENTATIONS = YES;
				CLANG_WARN_DIRECT_OBJC_ISA_USAGE = YES_ERROR;
				CLANG_WARN_DOCUMENTATION_COMMENTS = YES;
				CLANG_WARN_EMPTY_BODY = YES;
				CLANG_WARN_ENUM_CONVERSION = YES;
				CLANG_WARN_INFINITE_RECURSION = YES;
				CLANG_WARN_INT_CONVERSION = YES;
				CLANG_WARN_NON_LITERAL_NULL_CONVERSION = YES;
				CLANG_WARN_OBJC_IMPLICIT_RETAIN_SELF = YES;
				CLANG_WARN_OBJC_LITERAL_CONVERSION = YES;
				CLANG_WARN_OBJC_ROOT_CLASS = YES_ERROR;
				CLANG_WARN_QUOTED_INCLUDE_IN_FRAMEWORK_HEADER = YES;
				CLANG_WARN_RANGE_LOOP_ANALYSIS = YES;
				CLANG_WARN_STRICT_PROTOTYPES = YES;
				CLANG_WARN_SUSPICIOUS_MOVE = YES;
				CLANG_WARN_UNGUARDED_AVAILABILITY = YES_AGGRESSIVE;
				CLANG_WARN_UNREACHABLE_CODE = YES;
				CLANG_WARN__DUPLICATE_METHOD_MATCH = YES;
				COPY_PHASE_STRIP = NO;
				DEBUG_INFORMATION_FORMAT = "dwarf-with-dsym";
				ENABLE_NS_ASSERTIONS = NO;
				ENABLE_STRICT_OBJC_MSGSEND = YES;
				ENABLE_USER_SCRIPT_SANDBOXING = YES;
				GCC_C_LANGUAGE_STANDARD = gnu17;
				GCC_NO_COMMON_BLOCKS = YES;
				GCC_WARN_64_TO_32_BIT_CONVERSION = YES;
				GCC_WARN_ABOUT_RETURN_TYPE = YES_ERROR;
				GCC_WARN_UNDECLARED_SELECTOR = YES;
				GCC_WARN_UNINITIALIZED_AUTOS = YES_AGGRESSIVE;
				GCC_WARN_UNUSED_FUNCTION = YES;
				GCC_WARN_UNUSED_VARIABLE = YES;
				IPHONEOS_DEPLOYMENT_TARGET = 18.1;
				LOCALIZATION_PREFERS_STRING_CATALOGS = YES;
				MTL_ENABLE_DEBUG_INFO = NO;
				MTL_FAST_MATH = YES;
				SDKROOT = iphoneos;
				SWIFT_COMPILATION_MODE = wholemodule;
				VALIDATE_PRODUCT = YES;
			};
			name = Release;
		};
		5812382F2D80AAC500418C35 /* Debug */ = {
			isa = XCBuildConfiguration;
			buildSettings = {
				ASSETCATALOG_COMPILER_APPICON_NAME = AppIcon;
				ASSETCATALOG_COMPILER_GLOBAL_ACCENT_COLOR_NAME = AccentColor;
				CODE_SIGN_STYLE = Automatic;
				CURRENT_PROJECT_VERSION = 1;
				DEVELOPMENT_ASSET_PATHS = "\"FetchiOSCodingChallenge/Preview Content\"";
				DEVELOPMENT_TEAM = CWK72AZ43K;
				ENABLE_PREVIEWS = YES;
				GENERATE_INFOPLIST_FILE = YES;
				INFOPLIST_KEY_UIApplicationSceneManifest_Generation = YES;
				INFOPLIST_KEY_UIApplicationSupportsIndirectInputEvents = YES;
				INFOPLIST_KEY_UILaunchScreen_Generation = YES;
				INFOPLIST_KEY_UISupportedInterfaceOrientations_iPad = "UIInterfaceOrientationPortrait UIInterfaceOrientationPortraitUpsideDown UIInterfaceOrientationLandscapeLeft UIInterfaceOrientationLandscapeRight";
				INFOPLIST_KEY_UISupportedInterfaceOrientations_iPhone = "UIInterfaceOrientationPortrait UIInterfaceOrientationLandscapeLeft UIInterfaceOrientationLandscapeRight";
				LD_RUNPATH_SEARCH_PATHS = (
					"$(inherited)",
					"@executable_path/Frameworks",
				);
				MARKETING_VERSION = 1.0;
				PRODUCT_BUNDLE_IDENTIFIER = com.nickharvey.FetchiOSCodingChallenge;
				PRODUCT_NAME = "$(TARGET_NAME)";
				SWIFT_EMIT_LOC_STRINGS = YES;
				SWIFT_VERSION = 5.0;
				TARGETED_DEVICE_FAMILY = "1,2";
			};
			name = Debug;
		};
		581238302D80AAC500418C35 /* Release */ = {
			isa = XCBuildConfiguration;
			buildSettings = {
				ASSETCATALOG_COMPILER_APPICON_NAME = AppIcon;
				ASSETCATALOG_COMPILER_GLOBAL_ACCENT_COLOR_NAME = AccentColor;
				CODE_SIGN_STYLE = Automatic;
				CURRENT_PROJECT_VERSION = 1;
				DEVELOPMENT_ASSET_PATHS = "\"FetchiOSCodingChallenge/Preview Content\"";
				DEVELOPMENT_TEAM = CWK72AZ43K;
				ENABLE_PREVIEWS = YES;
				GENERATE_INFOPLIST_FILE = YES;
				INFOPLIST_KEY_UIApplicationSceneManifest_Generation = YES;
				INFOPLIST_KEY_UIApplicationSupportsIndirectInputEvents = YES;
				INFOPLIST_KEY_UILaunchScreen_Generation = YES;
				INFOPLIST_KEY_UISupportedInterfaceOrientations_iPad = "UIInterfaceOrientationPortrait UIInterfaceOrientationPortraitUpsideDown UIInterfaceOrientationLandscapeLeft UIInterfaceOrientationLandscapeRight";
				INFOPLIST_KEY_UISupportedInterfaceOrientations_iPhone = "UIInterfaceOrientationPortrait UIInterfaceOrientationLandscapeLeft UIInterfaceOrientationLandscapeRight";
				LD_RUNPATH_SEARCH_PATHS = (
					"$(inherited)",
					"@executable_path/Frameworks",
				);
				MARKETING_VERSION = 1.0;
				PRODUCT_BUNDLE_IDENTIFIER = com.nickharvey.FetchiOSCodingChallenge;
				PRODUCT_NAME = "$(TARGET_NAME)";
				SWIFT_EMIT_LOC_STRINGS = YES;
				SWIFT_VERSION = 5.0;
				TARGETED_DEVICE_FAMILY = "1,2";
			};
			name = Release;
		};
		581238322D80AAC500418C35 /* Debug */ = {
			isa = XCBuildConfiguration;
			buildSettings = {
				BUNDLE_LOADER = "$(TEST_HOST)";
				CODE_SIGN_STYLE = Automatic;
				CURRENT_PROJECT_VERSION = 1;
				DEVELOPMENT_TEAM = CWK72AZ43K;
				GENERATE_INFOPLIST_FILE = YES;
				IPHONEOS_DEPLOYMENT_TARGET = 18.1;
				MARKETING_VERSION = 1.0;
				PRODUCT_BUNDLE_IDENTIFIER = com.nickharvey.FetchiOSCodingChallengeTests;
				PRODUCT_NAME = "$(TARGET_NAME)";
				SWIFT_EMIT_LOC_STRINGS = NO;
				SWIFT_VERSION = 5.0;
				TARGETED_DEVICE_FAMILY = "1,2";
				TEST_HOST = "$(BUILT_PRODUCTS_DIR)/FetchiOSCodingChallenge.app/$(BUNDLE_EXECUTABLE_FOLDER_PATH)/FetchiOSCodingChallenge";
			};
			name = Debug;
		};
		581238332D80AAC500418C35 /* Release */ = {
			isa = XCBuildConfiguration;
			buildSettings = {
				BUNDLE_LOADER = "$(TEST_HOST)";
				CODE_SIGN_STYLE = Automatic;
				CURRENT_PROJECT_VERSION = 1;
				DEVELOPMENT_TEAM = CWK72AZ43K;
				GENERATE_INFOPLIST_FILE = YES;
				IPHONEOS_DEPLOYMENT_TARGET = 18.1;
				MARKETING_VERSION = 1.0;
				PRODUCT_BUNDLE_IDENTIFIER = com.nickharvey.FetchiOSCodingChallengeTests;
				PRODUCT_NAME = "$(TARGET_NAME)";
				SWIFT_EMIT_LOC_STRINGS = NO;
				SWIFT_VERSION = 5.0;
				TARGETED_DEVICE_FAMILY = "1,2";
				TEST_HOST = "$(BUILT_PRODUCTS_DIR)/FetchiOSCodingChallenge.app/$(BUNDLE_EXECUTABLE_FOLDER_PATH)/FetchiOSCodingChallenge";
			};
			name = Release;
		};
		581238352D80AAC500418C35 /* Debug */ = {
			isa = XCBuildConfiguration;
			buildSettings = {
				CODE_SIGN_STYLE = Automatic;
				CURRENT_PROJECT_VERSION = 1;
				DEVELOPMENT_TEAM = CWK72AZ43K;
				GENERATE_INFOPLIST_FILE = YES;
				MARKETING_VERSION = 1.0;
				PRODUCT_BUNDLE_IDENTIFIER = com.nickharvey.FetchiOSCodingChallengeUITests;
				PRODUCT_NAME = "$(TARGET_NAME)";
				SWIFT_EMIT_LOC_STRINGS = NO;
				SWIFT_VERSION = 5.0;
				TARGETED_DEVICE_FAMILY = "1,2";
				TEST_TARGET_NAME = FetchiOSCodingChallenge;
			};
			name = Debug;
		};
		581238362D80AAC500418C35 /* Release */ = {
			isa = XCBuildConfiguration;
			buildSettings = {
				CODE_SIGN_STYLE = Automatic;
				CURRENT_PROJECT_VERSION = 1;
				DEVELOPMENT_TEAM = CWK72AZ43K;
				GENERATE_INFOPLIST_FILE = YES;
				MARKETING_VERSION = 1.0;
				PRODUCT_BUNDLE_IDENTIFIER = com.nickharvey.FetchiOSCodingChallengeUITests;
				PRODUCT_NAME = "$(TARGET_NAME)";
				SWIFT_EMIT_LOC_STRINGS = NO;
				SWIFT_VERSION = 5.0;
				TARGETED_DEVICE_FAMILY = "1,2";
				TEST_TARGET_NAME = FetchiOSCodingChallenge;
			};
			name = Release;
		};
/* End XCBuildConfiguration section */

/* Begin XCConfigurationList section */
		581238052D80AAC300418C35 /* Build configuration list for PBXProject "FetchiOSCodingChallenge" */ = {
			isa = XCConfigurationList;
			buildConfigurations = (
				5812382C2D80AAC500418C35 /* Debug */,
				5812382D2D80AAC500418C35 /* Release */,
			);
			defaultConfigurationIsVisible = 0;
			defaultConfigurationName = Release;
		};
		5812382E2D80AAC500418C35 /* Build configuration list for PBXNativeTarget "FetchiOSCodingChallenge" */ = {
			isa = XCConfigurationList;
			buildConfigurations = (
				5812382F2D80AAC500418C35 /* Debug */,
				581238302D80AAC500418C35 /* Release */,
			);
			defaultConfigurationIsVisible = 0;
			defaultConfigurationName = Release;
		};
		581238312D80AAC500418C35 /* Build configuration list for PBXNativeTarget "FetchiOSCodingChallengeTests" */ = {
			isa = XCConfigurationList;
			buildConfigurations = (
				581238322D80AAC500418C35 /* Debug */,
				581238332D80AAC500418C35 /* Release */,
			);
			defaultConfigurationIsVisible = 0;
			defaultConfigurationName = Release;
		};
		581238342D80AAC500418C35 /* Build configuration list for PBXNativeTarget "FetchiOSCodingChallengeUITests" */ = {
			isa = XCConfigurationList;
			buildConfigurations = (
				581238352D80AAC500418C35 /* Debug */,
				581238362D80AAC500418C35 /* Release */,
			);
			defaultConfigurationIsVisible = 0;
			defaultConfigurationName = Release;
		};
/* End XCConfigurationList section */
	};
	rootObject = 581238022D80AAC300418C35 /* Project object */;
}
